// !$*UTF8*$!
{
	archiveVersion = 1;
	classes = {
	};
	objectVersion = 46;
	objects = {

/* Begin PBXBuildFile section */
		C05AB277203A5AD100F43771 /* VideoCell.m in Sources */ = {isa = PBXBuildFile; fileRef = C05AB276203A5AD100F43771 /* VideoCell.m */; };
		C07228EA203DF47A009CA845 /* VideoVC.m in Sources */ = {isa = PBXBuildFile; fileRef = C07228E9203DF47A009CA845 /* VideoVC.m */; };
		C0E3CE97203B815B00FE7A71 /* Video.m in Sources */ = {isa = PBXBuildFile; fileRef = C0E3CE96203B815B00FE7A71 /* Video.m */; };
		C0E8F19D2038BADD001B79DA /* main.m in Sources */ = {isa = PBXBuildFile; fileRef = C0E8F19C2038BADD001B79DA /* main.m */; };
		C0E8F1A02038BADD001B79DA /* AppDelegate.m in Sources */ = {isa = PBXBuildFile; fileRef = C0E8F19F2038BADD001B79DA /* AppDelegate.m */; };
		C0E8F1A32038BADD001B79DA /* ViewController.m in Sources */ = {isa = PBXBuildFile; fileRef = C0E8F1A22038BADD001B79DA /* ViewController.m */; };
		C0E8F1A62038BADD001B79DA /* Main.storyboard in Resources */ = {isa = PBXBuildFile; fileRef = C0E8F1A42038BADD001B79DA /* Main.storyboard */; };
		C0E8F1A82038BADD001B79DA /* Assets.xcassets in Resources */ = {isa = PBXBuildFile; fileRef = C0E8F1A72038BADD001B79DA /* Assets.xcassets */; };
		C0E8F1AB2038BADD001B79DA /* LaunchScreen.storyboard in Resources */ = {isa = PBXBuildFile; fileRef = C0E8F1A92038BADD001B79DA /* LaunchScreen.storyboard */; };
		C0E8F1B52038BB39001B79DA /* HTTPService.m in Sources */ = {isa = PBXBuildFile; fileRef = C0E8F1B42038BB39001B79DA /* HTTPService.m */; };
/* End PBXBuildFile section */

/* Begin PBXFileReference section */
		C05AB275203A5AD100F43771 /* VideoCell.h */ = {isa = PBXFileReference; fileEncoding = 4; lastKnownFileType = sourcecode.c.h; path = VideoCell.h; sourceTree = "<group>"; };
		C05AB276203A5AD100F43771 /* VideoCell.m */ = {isa = PBXFileReference; fileEncoding = 4; lastKnownFileType = sourcecode.c.objc; path = VideoCell.m; sourceTree = "<group>"; };
		C07228E8203DF47A009CA845 /* VideoVC.h */ = {isa = PBXFileReference; fileEncoding = 4; lastKnownFileType = sourcecode.c.h; path = VideoVC.h; sourceTree = "<group>"; };
		C07228E9203DF47A009CA845 /* VideoVC.m */ = {isa = PBXFileReference; fileEncoding = 4; lastKnownFileType = sourcecode.c.objc; path = VideoVC.m; sourceTree = "<group>"; };
		C0E3CE95203B815B00FE7A71 /* Video.h */ = {isa = PBXFileReference; fileEncoding = 4; lastKnownFileType = sourcecode.c.h; path = Video.h; sourceTree = "<group>"; };
		C0E3CE96203B815B00FE7A71 /* Video.m */ = {isa = PBXFileReference; fileEncoding = 4; lastKnownFileType = sourcecode.c.objc; path = Video.m; sourceTree = "<group>"; };
		C0E8F1982038BADD001B79DA /* tutorial-app.app */ = {isa = PBXFileReference; explicitFileType = wrapper.application; includeInIndex = 0; path = "tutorial-app.app"; sourceTree = BUILT_PRODUCTS_DIR; };
		C0E8F19C2038BADD001B79DA /* main.m */ = {isa = PBXFileReference; lastKnownFileType = sourcecode.c.objc; path = main.m; sourceTree = "<group>"; };
		C0E8F19E2038BADD001B79DA /* AppDelegate.h */ = {isa = PBXFileReference; lastKnownFileType = sourcecode.c.h; path = AppDelegate.h; sourceTree = "<group>"; };
		C0E8F19F2038BADD001B79DA /* AppDelegate.m */ = {isa = PBXFileReference; lastKnownFileType = sourcecode.c.objc; path = AppDelegate.m; sourceTree = "<group>"; };
		C0E8F1A12038BADD001B79DA /* ViewController.h */ = {isa = PBXFileReference; lastKnownFileType = sourcecode.c.h; path = ViewController.h; sourceTree = "<group>"; };
		C0E8F1A22038BADD001B79DA /* ViewController.m */ = {isa = PBXFileReference; lastKnownFileType = sourcecode.c.objc; path = ViewController.m; sourceTree = "<group>"; };
		C0E8F1A52038BADD001B79DA /* Base */ = {isa = PBXFileReference; lastKnownFileType = file.storyboard; name = Base; path = Base.lproj/Main.storyboard; sourceTree = "<group>"; };
		C0E8F1A72038BADD001B79DA /* Assets.xcassets */ = {isa = PBXFileReference; lastKnownFileType = folder.assetcatalog; path = Assets.xcassets; sourceTree = "<group>"; };
		C0E8F1AA2038BADD001B79DA /* Base */ = {isa = PBXFileReference; lastKnownFileType = file.storyboard; name = Base; path = Base.lproj/LaunchScreen.storyboard; sourceTree = "<group>"; };
		C0E8F1AC2038BADD001B79DA /* Info.plist */ = {isa = PBXFileReference; lastKnownFileType = text.plist.xml; path = Info.plist; sourceTree = "<group>"; };
		C0E8F1B32038BB39001B79DA /* HTTPService.h */ = {isa = PBXFileReference; fileEncoding = 4; lastKnownFileType = sourcecode.c.h; path = HTTPService.h; sourceTree = "<group>"; };
		C0E8F1B42038BB39001B79DA /* HTTPService.m */ = {isa = PBXFileReference; fileEncoding = 4; lastKnownFileType = sourcecode.c.objc; path = HTTPService.m; sourceTree = "<group>"; };
/* End PBXFileReference section */

/* Begin PBXFrameworksBuildPhase section */
		C0E8F1952038BADC001B79DA /* Frameworks */ = {
			isa = PBXFrameworksBuildPhase;
			buildActionMask = 2147483647;
			files = (
			);
			runOnlyForDeploymentPostprocessing = 0;
		};
/* End PBXFrameworksBuildPhase section */

/* Begin PBXGroup section */
		C05AB274203A5AA200F43771 /* View */ = {
			isa = PBXGroup;
			children = (
				C05AB275203A5AD100F43771 /* VideoCell.h */,
				C05AB276203A5AD100F43771 /* VideoCell.m */,
			);
			name = View;
			sourceTree = "<group>";
		};
		C0E3CE94203B814600FE7A71 /* Model */ = {
			isa = PBXGroup;
			children = (
				C0E3CE95203B815B00FE7A71 /* Video.h */,
				C0E3CE96203B815B00FE7A71 /* Video.m */,
			);
			name = Model;
			sourceTree = "<group>";
		};
		C0E3CE98203B83B500FE7A71 /* Controller */ = {
			isa = PBXGroup;
			children = (
				C0E8F1A12038BADD001B79DA /* ViewController.h */,
				C0E8F1A22038BADD001B79DA /* ViewController.m */,
				C07228E8203DF47A009CA845 /* VideoVC.h */,
				C07228E9203DF47A009CA845 /* VideoVC.m */,
			);
			name = Controller;
			sourceTree = "<group>";
		};
		C0E8F18F2038BADC001B79DA = {
			isa = PBXGroup;
			children = (
				C0E8F19A2038BADD001B79DA /* tutorial-app */,
				C0E8F1992038BADD001B79DA /* Products */,
			);
			sourceTree = "<group>";
		};
		C0E8F1992038BADD001B79DA /* Products */ = {
			isa = PBXGroup;
			children = (
				C0E8F1982038BADD001B79DA /* tutorial-app.app */,
			);
			name = Products;
			sourceTree = "<group>";
		};
		C0E8F19A2038BADD001B79DA /* tutorial-app */ = {
			isa = PBXGroup;
			children = (
				C0E3CE94203B814600FE7A71 /* Model */,
				C05AB274203A5AA200F43771 /* View */,
				C0E3CE98203B83B500FE7A71 /* Controller */,
				C0E8F1B22038BB10001B79DA /* Services */,
				C0E8F19E2038BADD001B79DA /* AppDelegate.h */,
				C0E8F19F2038BADD001B79DA /* AppDelegate.m */,
				C0E8F1A42038BADD001B79DA /* Main.storyboard */,
				C0E8F1A72038BADD001B79DA /* Assets.xcassets */,
				C0E8F1A92038BADD001B79DA /* LaunchScreen.storyboard */,
				C0E8F1AC2038BADD001B79DA /* Info.plist */,
				C0E8F19B2038BADD001B79DA /* Supporting Files */,
			);
			path = "tutorial-app";
			sourceTree = "<group>";
		};
		C0E8F19B2038BADD001B79DA /* Supporting Files */ = {
			isa = PBXGroup;
			children = (
				C0E8F19C2038BADD001B79DA /* main.m */,
			);
			name = "Supporting Files";
			sourceTree = "<group>";
		};
		C0E8F1B22038BB10001B79DA /* Services */ = {
			isa = PBXGroup;
			children = (
				C0E8F1B32038BB39001B79DA /* HTTPService.h */,
				C0E8F1B42038BB39001B79DA /* HTTPService.m */,
			);
			name = Services;
			sourceTree = "<group>";
		};
/* End PBXGroup section */

/* Begin PBXNativeTarget section */
		C0E8F1972038BADC001B79DA /* tutorial-app */ = {
			isa = PBXNativeTarget;
			buildConfigurationList = C0E8F1AF2038BADD001B79DA /* Build configuration list for PBXNativeTarget "tutorial-app" */;
			buildPhases = (
				C0E8F1942038BADC001B79DA /* Sources */,
				C0E8F1952038BADC001B79DA /* Frameworks */,
				C0E8F1962038BADC001B79DA /* Resources */,
			);
			buildRules = (
			);
			dependencies = (
			);
			name = "tutorial-app";
			productName = "tutorial-app";
			productReference = C0E8F1982038BADD001B79DA /* tutorial-app.app */;
			productType = "com.apple.product-type.application";
		};
/* End PBXNativeTarget section */

/* Begin PBXProject section */
		C0E8F1902038BADC001B79DA /* Project object */ = {
			isa = PBXProject;
			attributes = {
				LastUpgradeCheck = 0820;
				ORGANIZATIONNAME = "Andrew McGovern";
				TargetAttributes = {
					C0E8F1972038BADC001B79DA = {
						CreatedOnToolsVersion = 8.2.1;
						DevelopmentTeam = V4P7JY664L;
						ProvisioningStyle = Automatic;
					};
				};
			};
			buildConfigurationList = C0E8F1932038BADC001B79DA /* Build configuration list for PBXProject "tutorial-app" */;
			compatibilityVersion = "Xcode 3.2";
			developmentRegion = English;
			hasScannedForEncodings = 0;
			knownRegions = (
				en,
				Base,
			);
			mainGroup = C0E8F18F2038BADC001B79DA;
			productRefGroup = C0E8F1992038BADD001B79DA /* Products */;
			projectDirPath = "";
			projectRoot = "";
			targets = (
				C0E8F1972038BADC001B79DA /* tutorial-app */,
			);
		};
/* End PBXProject section */

/* Begin PBXResourcesBuildPhase section */
		C0E8F1962038BADC001B79DA /* Resources */ = {
			isa = PBXResourcesBuildPhase;
			buildActionMask = 2147483647;
			files = (
				C0E8F1AB2038BADD001B79DA /* LaunchScreen.storyboard in Resources */,
				C0E8F1A82038BADD001B79DA /* Assets.xcassets in Resources */,
				C0E8F1A62038BADD001B79DA /* Main.storyboard in Resources */,
			);
			runOnlyForDeploymentPostprocessing = 0;
		};
/* End PBXResourcesBuildPhase section */

/* Begin PBXSourcesBuildPhase section */
		C0E8F1942038BADC001B79DA /* Sources */ = {
			isa = PBXSourcesBuildPhase;
			buildActionMask = 2147483647;
			files = (
				C0E8F1A32038BADD001B79DA /* ViewController.m in Sources */,
				C05AB277203A5AD100F43771 /* VideoCell.m in Sources */,
				C0E8F1B52038BB39001B79DA /* HTTPService.m in Sources */,
				C0E3CE97203B815B00FE7A71 /* Video.m in Sources */,
				C07228EA203DF47A009CA845 /* VideoVC.m in Sources */,
				C0E8F1A02038BADD001B79DA /* AppDelegate.m in Sources */,
				C0E8F19D2038BADD001B79DA /* main.m in Sources */,
			);
			runOnlyForDeploymentPostprocessing = 0;
		};
/* End PBXSourcesBuildPhase section */

/* Begin PBXVariantGroup section */
		C0E8F1A42038BADD001B79DA /* Main.storyboard */ = {
			isa = PBXVariantGroup;
			children = (
				C0E8F1A52038BADD001B79DA /* Base */,
			);
			name = Main.storyboard;
			sourceTree = "<group>";
		};
		C0E8F1A92038BADD001B79DA /* LaunchScreen.storyboard */ = {
			isa = PBXVariantGroup;
			children = (
				C0E8F1AA2038BADD001B79DA /* Base */,
			);
			name = LaunchScreen.storyboard;
			sourceTree = "<group>";
		};
/* End PBXVariantGroup section */

/* Begin XCBuildConfiguration section */
		C0E8F1AD2038BADD001B79DA /* Debug */ = {
			isa = XCBuildConfiguration;
			buildSettings = {
				ALWAYS_SEARCH_USER_PATHS = NO;
				CLANG_ANALYZER_NONNULL = YES;
				CLANG_CXX_LANGUAGE_STANDARD = "gnu++0x";
				CLANG_CXX_LIBRARY = "libc++";
				CLANG_ENABLE_MODULES = YES;
				CLANG_ENABLE_OBJC_ARC = YES;
				CLANG_WARN_BOOL_CONVERSION = YES;
				CLANG_WARN_CONSTANT_CONVERSION = YES;
				CLANG_WARN_DIRECT_OBJC_ISA_USAGE = YES_ERROR;
				CLANG_WARN_DOCUMENTATION_COMMENTS = YES;
				CLANG_WARN_EMPTY_BODY = YES;
				CLANG_WARN_ENUM_CONVERSION = YES;
				CLANG_WARN_INFINITE_RECURSION = YES;
				CLANG_WARN_INT_CONVERSION = YES;
				CLANG_WARN_OBJC_ROOT_CLASS = YES_ERROR;
				CLANG_WARN_SUSPICIOUS_MOVE = YES;
				CLANG_WARN_UNREACHABLE_CODE = YES;
				CLANG_WARN__DUPLICATE_METHOD_MATCH = YES;
				"CODE_SIGN_IDENTITY[sdk=iphoneos*]" = "iPhone Developer";
				COPY_PHASE_STRIP = NO;
				DEBUG_INFORMATION_FORMAT = dwarf;
				ENABLE_STRICT_OBJC_MSGSEND = YES;
				ENABLE_TESTABILITY = YES;
				GCC_C_LANGUAGE_STANDARD = gnu99;
				GCC_DYNAMIC_NO_PIC = NO;
				GCC_NO_COMMON_BLOCKS = YES;
				GCC_OPTIMIZATION_LEVEL = 0;
				GCC_PREPROCESSOR_DEFINITIONS = (
					"DEBUG=1",
					"$(inherited)",
				);
				GCC_WARN_64_TO_32_BIT_CONVERSION = YES;
				GCC_WARN_ABOUT_RETURN_TYPE = YES_ERROR;
				GCC_WARN_UNDECLARED_SELECTOR = YES;
				GCC_WARN_UNINITIALIZED_AUTOS = YES_AGGRESSIVE;
				GCC_WARN_UNUSED_FUNCTION = YES;
				GCC_WARN_UNUSED_VARIABLE = YES;
				IPHONEOS_DEPLOYMENT_TARGET = 10.2;
				MTL_ENABLE_DEBUG_INFO = YES;
				ONLY_ACTIVE_ARCH = YES;
				SDKROOT = iphoneos;
			};
			name = Debug;
		};
		C0E8F1AE2038BADD001B79DA /* Release */ = {
			isa = XCBuildConfiguration;
			buildSettings = {
				ALWAYS_SEARCH_USER_PATHS = NO;
				CLANG_ANALYZER_NONNULL = YES;
				CLANG_CXX_LANGUAGE_STANDARD = "gnu++0x";
				CLANG_CXX_LIBRARY = "libc++";
				CLANG_ENABLE_MODULES = YES;
				CLANG_ENABLE_OBJC_ARC = YES;
				CLANG_WARN_BOOL_CONVERSION = YES;
				CLANG_WARN_CONSTANT_CONVERSION = YES;
				CLANG_WARN_DIRECT_OBJC_ISA_USAGE = YES_ERROR;
				CLANG_WARN_DOCUMENTATION_COMMENTS = YES;
				CLANG_WARN_EMPTY_BODY = YES;
				CLANG_WARN_ENUM_CONVERSION = YES;
				CLANG_WARN_INFINITE_RECURSION = YES;
				CLANG_WARN_INT_CONVERSION = YES;
				CLANG_WARN_OBJC_ROOT_CLASS = YES_ERROR;
				CLANG_WARN_SUSPICIOUS_MOVE = YES;
				CLANG_WARN_UNREACHABLE_CODE = YES;
				CLANG_WARN__DUPLICATE_METHOD_MATCH = YES;
				"CODE_SIGN_IDENTITY[sdk=iphoneos*]" = "iPhone Developer";
				COPY_PHASE_STRIP = NO;
				DEBUG_INFORMATION_FORMAT = "dwarf-with-dsym";
				ENABLE_NS_ASSERTIONS = NO;
				ENABLE_STRICT_OBJC_MSGSEND = YES;
				GCC_C_LANGUAGE_STANDARD = gnu99;
				GCC_NO_COMMON_BLOCKS = YES;
				GCC_WARN_64_TO_32_BIT_CONVERSION = YES;
				GCC_WARN_ABOUT_RETURN_TYPE = YES_ERROR;
				GCC_WARN_UNDECLARED_SELECTOR = YES;
				GCC_WARN_UNINITIALIZED_AUTOS = YES_AGGRESSIVE;
				GCC_WARN_UNUSED_FUNCTION = YES;
				GCC_WARN_UNUSED_VARIABLE = YES;
				IPHONEOS_DEPLOYMENT_TARGET = 10.2;
				MTL_ENABLE_DEBUG_INFO = NO;
				SDKROOT = iphoneos;
				VALIDATE_PRODUCT = YES;
			};
			name = Release;
		};
		C0E8F1B02038BADD001B79DA /* Debug */ = {
			isa = XCBuildConfiguration;
			buildSettings = {
				ASSETCATALOG_COMPILER_APPICON_NAME = AppIcon;
				DEVELOPMENT_TEAM = V4P7JY664L;
				INFOPLIST_FILE = "tutorial-app/Info.plist";
				LD_RUNPATH_SEARCH_PATHS = "$(inherited) @executable_path/Frameworks";
				PRODUCT_BUNDLE_IDENTIFIER = "com.winedarkproductions.tutorial-app";
				PRODUCT_NAME = "$(TARGET_NAME)";
			};
			name = Debug;
		};
		C0E8F1B12038BADD001B79DA /* Release */ = {
			isa = XCBuildConfiguration;
			buildSettings = {
				ASSETCATALOG_COMPILER_APPICON_NAME = AppIcon;
				DEVELOPMENT_TEAM = V4P7JY664L;
				INFOPLIST_FILE = "tutorial-app/Info.plist";
				LD_RUNPATH_SEARCH_PATHS = "$(inherited) @executable_path/Frameworks";
				PRODUCT_BUNDLE_IDENTIFIER = "com.winedarkproductions.tutorial-app";
				PRODUCT_NAME = "$(TARGET_NAME)";
			};
			name = Release;
		};
/* End XCBuildConfiguration section */

/* Begin XCConfigurationList section */
		C0E8F1932038BADC001B79DA /* Build configuration list for PBXProject "tutorial-app" */ = {
			isa = XCConfigurationList;
			buildConfigurations = (
				C0E8F1AD2038BADD001B79DA /* Debug */,
				C0E8F1AE2038BADD001B79DA /* Release */,
			);
			defaultConfigurationIsVisible = 0;
			defaultConfigurationName = Release;
		};
		C0E8F1AF2038BADD001B79DA /* Build configuration list for PBXNativeTarget "tutorial-app" */ = {
			isa = XCConfigurationList;
			buildConfigurations = (
				C0E8F1B02038BADD001B79DA /* Debug */,
				C0E8F1B12038BADD001B79DA /* Release */,
			);
			defaultConfigurationIsVisible = 0;
			defaultConfigurationName = Release;
		};
/* End XCConfigurationList section */
	};
	rootObject = C0E8F1902038BADC001B79DA /* Project object */;
}
